
Microsoft Visual Studio Solution File, Format Version 12.00
# Visual Studio Version 17
VisualStudioVersion = 17.9.34616.47
MinimumVisualStudioVersion = 10.0.40219.1
Project("{9A19103F-16F7-4668-BE54-9A1E7A4F7556}") = "AuthBoilerplate", "AuthBoilerplate.csproj", "{94E3E679-88E8-476D-8940-DA6B89E63638}"
EndProject
Global
	GlobalSection(SolutionConfigurationPlatforms) = preSolution
		Debug|Any CPU = Debug|Any CPU
		Release|Any CPU = Release|Any CPU
	EndGlobalSection
	GlobalSection(ProjectConfigurationPlatforms) = postSolution
		{94E3E679-88E8-476D-8940-DA6B89E63638}.Debug|Any CPU.ActiveCfg = Debug|Any CPU
		{94E3E679-88E8-476D-8940-DA6B89E63638}.Debug|Any CPU.Build.0 = Debug|Any CPU
		{94E3E679-88E8-476D-8940-DA6B89E63638}.Release|Any CPU.ActiveCfg = Release|Any CPU
		{94E3E679-88E8-476D-8940-DA6B89E63638}.Release|Any CPU.Build.0 = Release|Any CPU
	EndGlobalSection
	GlobalSection(SolutionProperties) = preSolution
		HideSolutionNode = FALSE
	EndGlobalSection
	GlobalSection(ExtensibilityGlobals) = postSolution
		SolutionGuid = {FE9DB18C-2578-4518-892A-65FF473EB185}
	EndGlobalSection
EndGlobal
